// !$*UTF8*$!
{
	archiveVersion = 1;
	classes = {
	};
	objectVersion = 46;
	objects = {

/* Begin PBXBuildFile section */
		0C4BD7ED1F27F7C600E05196 /* AppDelegate.swift in Sources */ = {isa = PBXBuildFile; fileRef = 0C4BD7EC1F27F7C600E05196 /* AppDelegate.swift */; };
		0C4BD7EF1F27F7C600E05196 /* ViewController.swift in Sources */ = {isa = PBXBuildFile; fileRef = 0C4BD7EE1F27F7C600E05196 /* ViewController.swift */; };
		0C4BD7F21F27F7C600E05196 /* Main.storyboard in Resources */ = {isa = PBXBuildFile; fileRef = 0C4BD7F01F27F7C600E05196 /* Main.storyboard */; };
		0C4BD7F41F27F7C600E05196 /* Assets.xcassets in Resources */ = {isa = PBXBuildFile; fileRef = 0C4BD7F31F27F7C600E05196 /* Assets.xcassets */; };
		0C4BD7F71F27F7C600E05196 /* LaunchScreen.storyboard in Resources */ = {isa = PBXBuildFile; fileRef = 0C4BD7F51F27F7C600E05196 /* LaunchScreen.storyboard */; };
		0C4BD8021F27F7C600E05196 /* To_Do_List_2_0Tests.swift in Sources */ = {isa = PBXBuildFile; fileRef = 0C4BD8011F27F7C600E05196 /* To_Do_List_2_0Tests.swift */; };
		0C4BD80E1F27F7F000E05196 /* Realm.framework in Frameworks */ = {isa = PBXBuildFile; fileRef = 0C4BD80C1F27F7F000E05196 /* Realm.framework */; };
		0C4BD80F1F27F7F000E05196 /* Realm.framework in Embed Frameworks */ = {isa = PBXBuildFile; fileRef = 0C4BD80C1F27F7F000E05196 /* Realm.framework */; settings = {ATTRIBUTES = (CodeSignOnCopy, RemoveHeadersOnCopy, ); }; };
		0C4BD8101F27F7F000E05196 /* RealmSwift.framework in Frameworks */ = {isa = PBXBuildFile; fileRef = 0C4BD80D1F27F7F000E05196 /* RealmSwift.framework */; };
		0C4BD8111F27F7F000E05196 /* RealmSwift.framework in Embed Frameworks */ = {isa = PBXBuildFile; fileRef = 0C4BD80D1F27F7F000E05196 /* RealmSwift.framework */; settings = {ATTRIBUTES = (CodeSignOnCopy, RemoveHeadersOnCopy, ); }; };
		0C4BD8151F27FC2200E05196 /* AddViewController.swift in Sources */ = {isa = PBXBuildFile; fileRef = 0C4BD8141F27FC2200E05196 /* AddViewController.swift */; };
/* End PBXBuildFile section */

/* Begin PBXContainerItemProxy section */
		0C4BD7FE1F27F7C600E05196 /* PBXContainerItemProxy */ = {
			isa = PBXContainerItemProxy;
			containerPortal = 0C4BD7E11F27F7C600E05196 /* Project object */;
			proxyType = 1;
			remoteGlobalIDString = 0C4BD7E81F27F7C600E05196;
			remoteInfo = "To Do List 2.0";
		};
/* End PBXContainerItemProxy section */

/* Begin PBXCopyFilesBuildPhase section */
		0C4BD8121F27F7F000E05196 /* Embed Frameworks */ = {
			isa = PBXCopyFilesBuildPhase;
			buildActionMask = 2147483647;
			dstPath = "";
			dstSubfolderSpec = 10;
			files = (
				0C4BD8111F27F7F000E05196 /* RealmSwift.framework in Embed Frameworks */,
				0C4BD80F1F27F7F000E05196 /* Realm.framework in Embed Frameworks */,
			);
			name = "Embed Frameworks";
			runOnlyForDeploymentPostprocessing = 0;
		};
/* End PBXCopyFilesBuildPhase section */

/* Begin PBXFileReference section */
		0C4BD7E91F27F7C600E05196 /* To Do List 2.0.app */ = {isa = PBXFileReference; explicitFileType = wrapper.application; includeInIndex = 0; path = "To Do List 2.0.app"; sourceTree = BUILT_PRODUCTS_DIR; };
		0C4BD7EC1F27F7C600E05196 /* AppDelegate.swift */ = {isa = PBXFileReference; lastKnownFileType = sourcecode.swift; path = AppDelegate.swift; sourceTree = "<group>"; };
		0C4BD7EE1F27F7C600E05196 /* ViewController.swift */ = {isa = PBXFileReference; lastKnownFileType = sourcecode.swift; path = ViewController.swift; sourceTree = "<group>"; };
		0C4BD7F11F27F7C600E05196 /* Base */ = {isa = PBXFileReference; lastKnownFileType = file.storyboard; name = Base; path = Base.lproj/Main.storyboard; sourceTree = "<group>"; };
		0C4BD7F31F27F7C600E05196 /* Assets.xcassets */ = {isa = PBXFileReference; lastKnownFileType = folder.assetcatalog; path = Assets.xcassets; sourceTree = "<group>"; };
		0C4BD7F61F27F7C600E05196 /* Base */ = {isa = PBXFileReference; lastKnownFileType = file.storyboard; name = Base; path = Base.lproj/LaunchScreen.storyboard; sourceTree = "<group>"; };
		0C4BD7F81F27F7C600E05196 /* Info.plist */ = {isa = PBXFileReference; lastKnownFileType = text.plist.xml; path = Info.plist; sourceTree = "<group>"; };
		0C4BD7FD1F27F7C600E05196 /* To Do List 2.0Tests.xctest */ = {isa = PBXFileReference; explicitFileType = wrapper.cfbundle; includeInIndex = 0; path = "To Do List 2.0Tests.xctest"; sourceTree = BUILT_PRODUCTS_DIR; };
		0C4BD8011F27F7C600E05196 /* To_Do_List_2_0Tests.swift */ = {isa = PBXFileReference; lastKnownFileType = sourcecode.swift; path = To_Do_List_2_0Tests.swift; sourceTree = "<group>"; };
		0C4BD8031F27F7C600E05196 /* Info.plist */ = {isa = PBXFileReference; lastKnownFileType = text.plist.xml; path = Info.plist; sourceTree = "<group>"; };
		0C4BD80C1F27F7F000E05196 /* Realm.framework */ = {isa = PBXFileReference; lastKnownFileType = wrapper.framework; path = Realm.framework; sourceTree = "<group>"; };
		0C4BD80D1F27F7F000E05196 /* RealmSwift.framework */ = {isa = PBXFileReference; lastKnownFileType = wrapper.framework; path = RealmSwift.framework; sourceTree = "<group>"; };
		0C4BD8141F27FC2200E05196 /* AddViewController.swift */ = {isa = PBXFileReference; fileEncoding = 4; lastKnownFileType = sourcecode.swift; path = AddViewController.swift; sourceTree = "<group>"; };
/* End PBXFileReference section */

/* Begin PBXFrameworksBuildPhase section */
		0C4BD7E61F27F7C600E05196 /* Frameworks */ = {
			isa = PBXFrameworksBuildPhase;
			buildActionMask = 2147483647;
			files = (
				0C4BD8101F27F7F000E05196 /* RealmSwift.framework in Frameworks */,
				0C4BD80E1F27F7F000E05196 /* Realm.framework in Frameworks */,
			);
			runOnlyForDeploymentPostprocessing = 0;
		};
		0C4BD7FA1F27F7C600E05196 /* Frameworks */ = {
			isa = PBXFrameworksBuildPhase;
			buildActionMask = 2147483647;
			files = (
			);
			runOnlyForDeploymentPostprocessing = 0;
		};
/* End PBXFrameworksBuildPhase section */

/* Begin PBXGroup section */
		0C4BD7E01F27F7C600E05196 = {
			isa = PBXGroup;
			children = (
				0C4BD80C1F27F7F000E05196 /* Realm.framework */,
				0C4BD80D1F27F7F000E05196 /* RealmSwift.framework */,
				0C4BD7EB1F27F7C600E05196 /* To Do List 2.0 */,
				0C4BD8001F27F7C600E05196 /* To Do List 2.0Tests */,
				0C4BD7EA1F27F7C600E05196 /* Products */,
			);
			sourceTree = "<group>";
		};
		0C4BD7EA1F27F7C600E05196 /* Products */ = {
			isa = PBXGroup;
			children = (
				0C4BD7E91F27F7C600E05196 /* To Do List 2.0.app */,
				0C4BD7FD1F27F7C600E05196 /* To Do List 2.0Tests.xctest */,
			);
			name = Products;
			sourceTree = "<group>";
		};
		0C4BD7EB1F27F7C600E05196 /* To Do List 2.0 */ = {
			isa = PBXGroup;
			children = (
				0C4BD7EC1F27F7C600E05196 /* AppDelegate.swift */,
				0C4BD7EE1F27F7C600E05196 /* ViewController.swift */,
				0C4BD7F01F27F7C600E05196 /* Main.storyboard */,
				0C4BD8141F27FC2200E05196 /* AddViewController.swift */,
				0C4BD7F31F27F7C600E05196 /* Assets.xcassets */,
				0C4BD7F51F27F7C600E05196 /* LaunchScreen.storyboard */,
				0C4BD7F81F27F7C600E05196 /* Info.plist */,
			);
			path = "To Do List 2.0";
			sourceTree = "<group>";
		};
		0C4BD8001F27F7C600E05196 /* To Do List 2.0Tests */ = {
			isa = PBXGroup;
			children = (
				0C4BD8011F27F7C600E05196 /* To_Do_List_2_0Tests.swift */,
				0C4BD8031F27F7C600E05196 /* Info.plist */,
			);
			path = "To Do List 2.0Tests";
			sourceTree = "<group>";
		};
/* End PBXGroup section */

/* Begin PBXNativeTarget section */
		0C4BD7E81F27F7C600E05196 /* To Do List 2.0 */ = {
			isa = PBXNativeTarget;
			buildConfigurationList = 0C4BD8061F27F7C600E05196 /* Build configuration list for PBXNativeTarget "To Do List 2.0" */;
			buildPhases = (
				0C4BD7E51F27F7C600E05196 /* Sources */,
				0C4BD7E61F27F7C600E05196 /* Frameworks */,
				0C4BD7E71F27F7C600E05196 /* Resources */,
				0C4BD8121F27F7F000E05196 /* Embed Frameworks */,
				0C4BD8131F27F7FD00E05196 /* ShellScript */,
			);
			buildRules = (
			);
			dependencies = (
			);
			name = "To Do List 2.0";
			productName = "To Do List 2.0";
			productReference = 0C4BD7E91F27F7C600E05196 /* To Do List 2.0.app */;
			productType = "com.apple.product-type.application";
		};
		0C4BD7FC1F27F7C600E05196 /* To Do List 2.0Tests */ = {
			isa = PBXNativeTarget;
			buildConfigurationList = 0C4BD8091F27F7C600E05196 /* Build configuration list for PBXNativeTarget "To Do List 2.0Tests" */;
			buildPhases = (
				0C4BD7F91F27F7C600E05196 /* Sources */,
				0C4BD7FA1F27F7C600E05196 /* Frameworks */,
				0C4BD7FB1F27F7C600E05196 /* Resources */,
			);
			buildRules = (
			);
			dependencies = (
				0C4BD7FF1F27F7C600E05196 /* PBXTargetDependency */,
			);
			name = "To Do List 2.0Tests";
			productName = "To Do List 2.0Tests";
			productReference = 0C4BD7FD1F27F7C600E05196 /* To Do List 2.0Tests.xctest */;
			productType = "com.apple.product-type.bundle.unit-test";
		};
/* End PBXNativeTarget section */

/* Begin PBXProject section */
		0C4BD7E11F27F7C600E05196 /* Project object */ = {
			isa = PBXProject;
			attributes = {
				LastSwiftUpdateCheck = 0830;
				LastUpgradeCheck = 0830;
				ORGANIZATIONNAME = "Aaron Elijah";
				TargetAttributes = {
					0C4BD7E81F27F7C600E05196 = {
						CreatedOnToolsVersion = 8.3.3;
						ProvisioningStyle = Automatic;
					};
					0C4BD7FC1F27F7C600E05196 = {
						CreatedOnToolsVersion = 8.3.3;
						ProvisioningStyle = Automatic;
						TestTargetID = 0C4BD7E81F27F7C600E05196;
					};
				};
			};
			buildConfigurationList = 0C4BD7E41F27F7C600E05196 /* Build configuration list for PBXProject "To Do List 2.0" */;
			compatibilityVersion = "Xcode 3.2";
			developmentRegion = English;
			hasScannedForEncodings = 0;
			knownRegions = (
				en,
				Base,
			);
			mainGroup = 0C4BD7E01F27F7C600E05196;
			productRefGroup = 0C4BD7EA1F27F7C600E05196 /* Products */;
			projectDirPath = "";
			projectRoot = "";
			targets = (
				0C4BD7E81F27F7C600E05196 /* To Do List 2.0 */,
				0C4BD7FC1F27F7C600E05196 /* To Do List 2.0Tests */,
			);
		};
/* End PBXProject section */

/* Begin PBXResourcesBuildPhase section */
		0C4BD7E71F27F7C600E05196 /* Resources */ = {
			isa = PBXResourcesBuildPhase;
			buildActionMask = 2147483647;
			files = (
				0C4BD7F71F27F7C600E05196 /* LaunchScreen.storyboard in Resources */,
				0C4BD7F41F27F7C600E05196 /* Assets.xcassets in Resources */,
				0C4BD7F21F27F7C600E05196 /* Main.storyboard in Resources */,
			);
			runOnlyForDeploymentPostprocessing = 0;
		};
		0C4BD7FB1F27F7C600E05196 /* Resources */ = {
			isa = PBXResourcesBuildPhase;
			buildActionMask = 2147483647;
			files = (
			);
			runOnlyForDeploymentPostprocessing = 0;
		};
/* End PBXResourcesBuildPhase section */

/* Begin PBXShellScriptBuildPhase section */
		0C4BD8131F27F7FD00E05196 /* ShellScript */ = {
			isa = PBXShellScriptBuildPhase;
			buildActionMask = 2147483647;
			files = (
			);
			inputPaths = (
			);
			outputPaths = (
			);
			runOnlyForDeploymentPostprocessing = 0;
			shellPath = /bin/sh;
			shellScript = "bash \"${BUILT_PRODUCTS_DIR}/${FRAMEWORKS_FOLDER_PATH}/Realm.framework/strip-frameworks.sh\"";
		};
/* End PBXShellScriptBuildPhase section */

/* Begin PBXSourcesBuildPhase section */
		0C4BD7E51F27F7C600E05196 /* Sources */ = {
			isa = PBXSourcesBuildPhase;
			buildActionMask = 2147483647;
			files = (
				0C4BD7EF1F27F7C600E05196 /* ViewController.swift in Sources */,
				0C4BD7ED1F27F7C600E05196 /* AppDelegate.swift in Sources */,
				0C4BD8151F27FC2200E05196 /* AddViewController.swift in Sources */,
			);
			runOnlyForDeploymentPostprocessing = 0;
		};
		0C4BD7F91F27F7C600E05196 /* Sources */ = {
			isa = PBXSourcesBuildPhase;
			buildActionMask = 2147483647;
			files = (
				0C4BD8021F27F7C600E05196 /* To_Do_List_2_0Tests.swift in Sources */,
			);
			runOnlyForDeploymentPostprocessing = 0;
		};
/* End PBXSourcesBuildPhase section */

/* Begin PBXTargetDependency section */
		0C4BD7FF1F27F7C600E05196 /* PBXTargetDependency */ = {
			isa = PBXTargetDependency;
			target = 0C4BD7E81F27F7C600E05196 /* To Do List 2.0 */;
			targetProxy = 0C4BD7FE1F27F7C600E05196 /* PBXContainerItemProxy */;
		};
/* End PBXTargetDependency section */

/* Begin PBXVariantGroup section */
		0C4BD7F01F27F7C600E05196 /* Main.storyboard */ = {
			isa = PBXVariantGroup;
			children = (
				0C4BD7F11F27F7C600E05196 /* Base */,
			);
			name = Main.storyboard;
			sourceTree = "<group>";
		};
		0C4BD7F51F27F7C600E05196 /* LaunchScreen.storyboard */ = {
			isa = PBXVariantGroup;
			children = (
				0C4BD7F61F27F7C600E05196 /* Base */,
			);
			name = LaunchScreen.storyboard;
			sourceTree = "<group>";
		};
/* End PBXVariantGroup section */

/* Begin XCBuildConfiguration section */
		0C4BD8041F27F7C600E05196 /* Debug */ = {
			isa = XCBuildConfiguration;
			buildSettings = {
				ALWAYS_SEARCH_USER_PATHS = NO;
				CLANG_ANALYZER_NONNULL = YES;
				CLANG_ANALYZER_NUMBER_OBJECT_CONVERSION = YES_AGGRESSIVE;
				CLANG_CXX_LANGUAGE_STANDARD = "gnu++0x";
				CLANG_CXX_LIBRARY = "libc++";
				CLANG_ENABLE_MODULES = YES;
				CLANG_ENABLE_OBJC_ARC = YES;
				CLANG_WARN_BOOL_CONVERSION = YES;
				CLANG_WARN_CONSTANT_CONVERSION = YES;
				CLANG_WARN_DIRECT_OBJC_ISA_USAGE = YES_ERROR;
				CLANG_WARN_DOCUMENTATION_COMMENTS = YES;
				CLANG_WARN_EMPTY_BODY = YES;
				CLANG_WARN_ENUM_CONVERSION = YES;
				CLANG_WARN_INFINITE_RECURSION = YES;
				CLANG_WARN_INT_CONVERSION = YES;
				CLANG_WARN_OBJC_ROOT_CLASS = YES_ERROR;
				CLANG_WARN_SUSPICIOUS_MOVE = YES;
				CLANG_WARN_UNREACHABLE_CODE = YES;
				CLANG_WARN__DUPLICATE_METHOD_MATCH = YES;
				"CODE_SIGN_IDENTITY[sdk=iphoneos*]" = "iPhone Developer";
				COPY_PHASE_STRIP = NO;
				DEBUG_INFORMATION_FORMAT = dwarf;
				ENABLE_STRICT_OBJC_MSGSEND = YES;
				ENABLE_TESTABILITY = YES;
				GCC_C_LANGUAGE_STANDARD = gnu99;
				GCC_DYNAMIC_NO_PIC = NO;
				GCC_NO_COMMON_BLOCKS = YES;
				GCC_OPTIMIZATION_LEVEL = 0;
				GCC_PREPROCESSOR_DEFINITIONS = (
					"DEBUG=1",
					"$(inherited)",
				);
				GCC_WARN_64_TO_32_BIT_CONVERSION = YES;
				GCC_WARN_ABOUT_RETURN_TYPE = YES_ERROR;
				GCC_WARN_UNDECLARED_SELECTOR = YES;
				GCC_WARN_UNINITIALIZED_AUTOS = YES_AGGRESSIVE;
				GCC_WARN_UNUSED_FUNCTION = YES;
				GCC_WARN_UNUSED_VARIABLE = YES;
				IPHONEOS_DEPLOYMENT_TARGET = 10.3;
				MTL_ENABLE_DEBUG_INFO = YES;
				ONLY_ACTIVE_ARCH = YES;
				SDKROOT = iphoneos;
				SWIFT_ACTIVE_COMPILATION_CONDITIONS = DEBUG;
				SWIFT_OPTIMIZATION_LEVEL = "-Onone";
				TARGETED_DEVICE_FAMILY = "1,2";
			};
			name = Debug;
		};
		0C4BD8051F27F7C600E05196 /* Release */ = {
			isa = XCBuildConfiguration;
			buildSettings = {
				ALWAYS_SEARCH_USER_PATHS = NO;
				CLANG_ANALYZER_NONNULL = YES;
				CLANG_ANALYZER_NUMBER_OBJECT_CONVERSION = YES_AGGRESSIVE;
				CLANG_CXX_LANGUAGE_STANDARD = "gnu++0x";
				CLANG_CXX_LIBRARY = "libc++";
				CLANG_ENABLE_MODULES = YES;
				CLANG_ENABLE_OBJC_ARC = YES;
				CLANG_WARN_BOOL_CONVERSION = YES;
				CLANG_WARN_CONSTANT_CONVERSION = YES;
				CLANG_WARN_DIRECT_OBJC_ISA_USAGE = YES_ERROR;
				CLANG_WARN_DOCUMENTATION_COMMENTS = YES;
				CLANG_WARN_EMPTY_BODY = YES;
				CLANG_WARN_ENUM_CONVERSION = YES;
				CLANG_WARN_INFINITE_RECURSION = YES;
				CLANG_WARN_INT_CONVERSION = YES;
				CLANG_WARN_OBJC_ROOT_CLASS = YES_ERROR;
				CLANG_WARN_SUSPICIOUS_MOVE = YES;
				CLANG_WARN_UNREACHABLE_CODE = YES;
				CLANG_WARN__DUPLICATE_METHOD_MATCH = YES;
				"CODE_SIGN_IDENTITY[sdk=iphoneos*]" = "iPhone Developer";
				COPY_PHASE_STRIP = NO;
				DEBUG_INFORMATION_FORMAT = "dwarf-with-dsym";
				ENABLE_NS_ASSERTIONS = NO;
				ENABLE_STRICT_OBJC_MSGSEND = YES;
				GCC_C_LANGUAGE_STANDARD = gnu99;
				GCC_NO_COMMON_BLOCKS = YES;
				GCC_WARN_64_TO_32_BIT_CONVERSION = YES;
				GCC_WARN_ABOUT_RETURN_TYPE = YES_ERROR;
				GCC_WARN_UNDECLARED_SELECTOR = YES;
				GCC_WARN_UNINITIALIZED_AUTOS = YES_AGGRESSIVE;
				GCC_WARN_UNUSED_FUNCTION = YES;
				GCC_WARN_UNUSED_VARIABLE = YES;
				IPHONEOS_DEPLOYMENT_TARGET = 10.3;
				MTL_ENABLE_DEBUG_INFO = NO;
				SDKROOT = iphoneos;
				SWIFT_OPTIMIZATION_LEVEL = "-Owholemodule";
				TARGETED_DEVICE_FAMILY = "1,2";
				VALIDATE_PRODUCT = YES;
			};
			name = Release;
		};
		0C4BD8071F27F7C600E05196 /* Debug */ = {
			isa = XCBuildConfiguration;
			buildSettings = {
				ASSETCATALOG_COMPILER_APPICON_NAME = AppIcon;
				FRAMEWORK_SEARCH_PATHS = (
					"$(inherited)",
					"$(PROJECT_DIR)",
				);
				INFOPLIST_FILE = "To Do List 2.0/Info.plist";
				LD_RUNPATH_SEARCH_PATHS = "$(inherited) @executable_path/Frameworks";
				PRODUCT_BUNDLE_IDENTIFIER = "com.aaronelijah.To-Do-List-2-0";
				PRODUCT_NAME = "$(TARGET_NAME)";
				SWIFT_VERSION = 3.0;
			};
			name = Debug;
		};
		0C4BD8081F27F7C600E05196 /* Release */ = {
			isa = XCBuildConfiguration;
			buildSettings = {
				ASSETCATALOG_COMPILER_APPICON_NAME = AppIcon;
				FRAMEWORK_SEARCH_PATHS = (
					"$(inherited)",
					"$(PROJECT_DIR)",
				);
				INFOPLIST_FILE = "To Do List 2.0/Info.plist";
				LD_RUNPATH_SEARCH_PATHS = "$(inherited) @executable_path/Frameworks";
				PRODUCT_BUNDLE_IDENTIFIER = "com.aaronelijah.To-Do-List-2-0";
				PRODUCT_NAME = "$(TARGET_NAME)";
				SWIFT_VERSION = 3.0;
			};
			name = Release;
		};
		0C4BD80A1F27F7C600E05196 /* Debug */ = {
			isa = XCBuildConfiguration;
			buildSettings = {
				ALWAYS_EMBED_SWIFT_STANDARD_LIBRARIES = YES;
				BUNDLE_LOADER = "$(TEST_HOST)";
				INFOPLIST_FILE = "To Do List 2.0Tests/Info.plist";
				LD_RUNPATH_SEARCH_PATHS = "$(inherited) @executable_path/Frameworks @loader_path/Frameworks";
				PRODUCT_BUNDLE_IDENTIFIER = "com.aaronelijah.To-Do-List-2-0Tests";
				PRODUCT_NAME = "$(TARGET_NAME)";
				SWIFT_VERSION = 3.0;
				TEST_HOST = "$(BUILT_PRODUCTS_DIR)/To Do List 2.0.app/To Do List 2.0";
			};
			name = Debug;
		};
		0C4BD80B1F27F7C600E05196 /* Release */ = {
			isa = XCBuildConfiguration;
			buildSettings = {
				ALWAYS_EMBED_SWIFT_STANDARD_LIBRARIES = YES;
				BUNDLE_LOADER = "$(TEST_HOST)";
				INFOPLIST_FILE = "To Do List 2.0Tests/Info.plist";
				LD_RUNPATH_SEARCH_PATHS = "$(inherited) @executable_path/Frameworks @loader_path/Frameworks";
				PRODUCT_BUNDLE_IDENTIFIER = "com.aaronelijah.To-Do-List-2-0Tests";
				PRODUCT_NAME = "$(TARGET_NAME)";
				SWIFT_VERSION = 3.0;
				TEST_HOST = "$(BUILT_PRODUCTS_DIR)/To Do List 2.0.app/To Do List 2.0";
			};
			name = Release;
		};
/* End XCBuildConfiguration section */

/* Begin XCConfigurationList section */
		0C4BD7E41F27F7C600E05196 /* Build configuration list for PBXProject "To Do List 2.0" */ = {
			isa = XCConfigurationList;
			buildConfigurations = (
				0C4BD8041F27F7C600E05196 /* Debug */,
				0C4BD8051F27F7C600E05196 /* Release */,
			);
			defaultConfigurationIsVisible = 0;
			defaultConfigurationName = Release;
		};
		0C4BD8061F27F7C600E05196 /* Build configuration list for PBXNativeTarget "To Do List 2.0" */ = {
			isa = XCConfigurationList;
			buildConfigurations = (
				0C4BD8071F27F7C600E05196 /* Debug */,
				0C4BD8081F27F7C600E05196 /* Release */,
			);
			defaultConfigurationIsVisible = 0;
		};
		0C4BD8091F27F7C600E05196 /* Build configuration list for PBXNativeTarget "To Do List 2.0Tests" */ = {
			isa = XCConfigurationList;
			buildConfigurations = (
				0C4BD80A1F27F7C600E05196 /* Debug */,
				0C4BD80B1F27F7C600E05196 /* Release */,
			);
			defaultConfigurationIsVisible = 0;
		};
/* End XCConfigurationList section */
	};
	rootObject = 0C4BD7E11F27F7C600E05196 /* Project object */;
}
